{
    "_readme": [
        "This file locks the dependencies of your project to a known state",
        "Read more about it at https://getcomposer.org/doc/01-basic-usage.md#installing-dependencies",
        "This file is @generated automatically"
    ],
    "content-hash": "20decff028dcc1fb302496ad9f161c6c",
    "packages": [
        {
            "name": "greenlion/php-sql-parser",
            "version": "v4.7.0",
            "source": {
                "type": "git",
                "url": "https://github.com/greenlion/PHP-SQL-Parser.git",
                "reference": "0cd49149efc5868db9c32d1a09558ea516892586"
            },
            "dist": {
                "type": "zip",
                "url": "https://api.github.com/repos/greenlion/PHP-SQL-Parser/zipball/0cd49149efc5868db9c32d1a09558ea516892586",
                "reference": "0cd49149efc5868db9c32d1a09558ea516892586",
                "shasum": ""
            },
            "require": {
                "php": ">=5.3.2"
            },
            "require-dev": {
                "analog/analog": "^1.0.6",
                "phpunit/phpunit": "^9.5.13",
                "squizlabs/php_codesniffer": "^2.8.1"
            },
            "type": "library",
            "autoload": {
                "psr-0": {
                    "PHPSQLParser\\": "src/"
                }
            },
            "notification-url": "https://packagist.org/downloads/",
            "license": [
                "BSD-3-Clause"
            ],
            "authors": [
                {
                    "name": "Justin Swanhart",
                    "email": "greenlion@gmail.com",
                    "homepage": "http://code.google.com/u/greenlion@gmail.com/",
                    "role": "Owner"
                },
                {
                    "name": "André Rothe",
                    "email": "phosco@gmx.de",
                    "homepage": "https://www.phosco.info",
                    "role": "Committer"
                }
            ],
            "description": "A pure PHP SQL (non validating) parser w/ focus on MySQL dialect of SQL",
            "homepage": "https://github.com/greenlion/PHP-SQL-Parser",
            "keywords": [
                "creator",
                "mysql",
                "parser",
                "sql"
            ],
            "support": {
                "issues": "https://github.com/greenlion/PHP-SQL-Parser/issues",
                "source": "https://github.com/greenlion/PHP-SQL-Parser"
            },
            "time": "2024-12-02T12:14:07+00:00"
        }
    ],
    "packages-dev": [],
    "aliases": [],
    "minimum-stability": "stable",
    "stability-flags": {},
    "prefer-stable": false,
    "prefer-lowest": false,
    "platform": {
        "php": ">=7.4",
        "ext-pdo": "*",
        "ext-pdo_mysql": "*",
        "ext-zip": "*"
    },
    "platform-dev": {},
    "plugin-api-version": "2.9.0"
}
